// !$*UTF8*$!
{
	archiveVersion = 1;
	classes = {
	};
	objectVersion = 56;
	objects = {

/* Begin PBXBuildFile section */
		6A0105C72A529FC200B51062 /* CoffeeOrderingAppApp.swift in Sources */ = {isa = PBXBuildFile; fileRef = 6A0105C62A529FC200B51062 /* CoffeeOrderingAppApp.swift */; };
		6A0105C92A529FC200B51062 /* ContentView.swift in Sources */ = {isa = PBXBuildFile; fileRef = 6A0105C82A529FC200B51062 /* ContentView.swift */; };
		6A0105CB2A529FC300B51062 /* Assets.xcassets in Resources */ = {isa = PBXBuildFile; fileRef = 6A0105CA2A529FC300B51062 /* Assets.xcassets */; };
		6A0105CE2A529FC300B51062 /* Preview Assets.xcassets in Resources */ = {isa = PBXBuildFile; fileRef = 6A0105CD2A529FC300B51062 /* Preview Assets.xcassets */; };
		6A0105D52A52A09B00B51062 /* Coffee.swift in Sources */ = {isa = PBXBuildFile; fileRef = 6A0105D42A52A09B00B51062 /* Coffee.swift */; };
		6A0105D82A52A24E00B51062 /* Order.swift in Sources */ = {isa = PBXBuildFile; fileRef = 6A0105D72A52A24E00B51062 /* Order.swift */; };
		6A0105DA2A52A3AC00B51062 /* WebService.swift in Sources */ = {isa = PBXBuildFile; fileRef = 6A0105D92A52A3AC00B51062 /* WebService.swift */; };
		6A0105DE2A52ADC500B51062 /* OrderListViewModel.swift in Sources */ = {isa = PBXBuildFile; fileRef = 6A0105DD2A52ADC500B51062 /* OrderListViewModel.swift */; };
		6A0105E22A52AF5C00B51062 /* OrderViewModel.swift in Sources */ = {isa = PBXBuildFile; fileRef = 6A0105E12A52AF5C00B51062 /* OrderViewModel.swift */; };
		6A0105E42A52AF7200B51062 /* OrderListView.swift in Sources */ = {isa = PBXBuildFile; fileRef = 6A0105E32A52AF7200B51062 /* OrderListView.swift */; };
		6A0105E62A52BD9400B51062 /* CreateOrderResponse.swift in Sources */ = {isa = PBXBuildFile; fileRef = 6A0105E52A52BD9400B51062 /* CreateOrderResponse.swift */; };
		6A0105E82A52C07B00B51062 /* AddCoffeeOrderViewModel.swift in Sources */ = {isa = PBXBuildFile; fileRef = 6A0105E72A52C07B00B51062 /* AddCoffeeOrderViewModel.swift */; };
		6A0105EA2A52C12E00B51062 /* CoffeeViewModel.swift in Sources */ = {isa = PBXBuildFile; fileRef = 6A0105E92A52C12E00B51062 /* CoffeeViewModel.swift */; };
		6A0105EC2A52C19E00B51062 /* CoffeeListViewModel.swift in Sources */ = {isa = PBXBuildFile; fileRef = 6A0105EB2A52C19E00B51062 /* CoffeeListViewModel.swift */; };
		6A0105EE2A54F40500B51062 /* AddCoffeeOrderView.swift in Sources */ = {isa = PBXBuildFile; fileRef = 6A0105ED2A54F40500B51062 /* AddCoffeeOrderView.swift */; };
		6A0105F02A55055200B51062 /* OrderTotalView.swift in Sources */ = {isa = PBXBuildFile; fileRef = 6A0105EF2A55055200B51062 /* OrderTotalView.swift */; };
/* End PBXBuildFile section */

/* Begin PBXFileReference section */
		6A0105C32A529FC200B51062 /* CoffeeOrderingApp.app */ = {isa = PBXFileReference; explicitFileType = wrapper.application; includeInIndex = 0; path = CoffeeOrderingApp.app; sourceTree = BUILT_PRODUCTS_DIR; };
		6A0105C62A529FC200B51062 /* CoffeeOrderingAppApp.swift */ = {isa = PBXFileReference; lastKnownFileType = sourcecode.swift; path = CoffeeOrderingAppApp.swift; sourceTree = "<group>"; };
		6A0105C82A529FC200B51062 /* ContentView.swift */ = {isa = PBXFileReference; lastKnownFileType = sourcecode.swift; path = ContentView.swift; sourceTree = "<group>"; };
		6A0105CA2A529FC300B51062 /* Assets.xcassets */ = {isa = PBXFileReference; lastKnownFileType = folder.assetcatalog; path = Assets.xcassets; sourceTree = "<group>"; };
		6A0105CD2A529FC300B51062 /* Preview Assets.xcassets */ = {isa = PBXFileReference; lastKnownFileType = folder.assetcatalog; path = "Preview Assets.xcassets"; sourceTree = "<group>"; };
		6A0105D42A52A09B00B51062 /* Coffee.swift */ = {isa = PBXFileReference; lastKnownFileType = sourcecode.swift; path = Coffee.swift; sourceTree = "<group>"; };
		6A0105D72A52A24E00B51062 /* Order.swift */ = {isa = PBXFileReference; lastKnownFileType = sourcecode.swift; path = Order.swift; sourceTree = "<group>"; };
		6A0105D92A52A3AC00B51062 /* WebService.swift */ = {isa = PBXFileReference; lastKnownFileType = sourcecode.swift; path = WebService.swift; sourceTree = "<group>"; };
		6A0105DC2A52ACEA00B51062 /* Info.plist */ = {isa = PBXFileReference; lastKnownFileType = text.plist; path = Info.plist; sourceTree = "<group>"; };
		6A0105DD2A52ADC500B51062 /* OrderListViewModel.swift */ = {isa = PBXFileReference; lastKnownFileType = sourcecode.swift; path = OrderListViewModel.swift; sourceTree = "<group>"; };
		6A0105E12A52AF5C00B51062 /* OrderViewModel.swift */ = {isa = PBXFileReference; lastKnownFileType = sourcecode.swift; path = OrderViewModel.swift; sourceTree = "<group>"; };
		6A0105E32A52AF7200B51062 /* OrderListView.swift */ = {isa = PBXFileReference; lastKnownFileType = sourcecode.swift; path = OrderListView.swift; sourceTree = "<group>"; };
		6A0105E52A52BD9400B51062 /* CreateOrderResponse.swift */ = {isa = PBXFileReference; lastKnownFileType = sourcecode.swift; path = CreateOrderResponse.swift; sourceTree = "<group>"; };
		6A0105E72A52C07B00B51062 /* AddCoffeeOrderViewModel.swift */ = {isa = PBXFileReference; lastKnownFileType = sourcecode.swift; path = AddCoffeeOrderViewModel.swift; sourceTree = "<group>"; };
		6A0105E92A52C12E00B51062 /* CoffeeViewModel.swift */ = {isa = PBXFileReference; lastKnownFileType = sourcecode.swift; path = CoffeeViewModel.swift; sourceTree = "<group>"; };
		6A0105EB2A52C19E00B51062 /* CoffeeListViewModel.swift */ = {isa = PBXFileReference; lastKnownFileType = sourcecode.swift; path = CoffeeListViewModel.swift; sourceTree = "<group>"; };
		6A0105ED2A54F40500B51062 /* AddCoffeeOrderView.swift */ = {isa = PBXFileReference; lastKnownFileType = sourcecode.swift; path = AddCoffeeOrderView.swift; sourceTree = "<group>"; };
		6A0105EF2A55055200B51062 /* OrderTotalView.swift */ = {isa = PBXFileReference; lastKnownFileType = sourcecode.swift; path = OrderTotalView.swift; sourceTree = "<group>"; };
/* End PBXFileReference section */

/* Begin PBXFrameworksBuildPhase section */
		6A0105C02A529FC200B51062 /* Frameworks */ = {
			isa = PBXFrameworksBuildPhase;
			buildActionMask = 2147483647;
			files = (
			);
			runOnlyForDeploymentPostprocessing = 0;
		};
/* End PBXFrameworksBuildPhase section */

/* Begin PBXGroup section */
		6A0105BA2A529FC200B51062 = {
			isa = PBXGroup;
			children = (
				6A0105C52A529FC200B51062 /* CoffeeOrderingApp */,
				6A0105C42A529FC200B51062 /* Products */,
			);
			sourceTree = "<group>";
		};
		6A0105C42A529FC200B51062 /* Products */ = {
			isa = PBXGroup;
			children = (
				6A0105C32A529FC200B51062 /* CoffeeOrderingApp.app */,
			);
			name = Products;
			sourceTree = "<group>";
		};
		6A0105C52A529FC200B51062 /* CoffeeOrderingApp */ = {
			isa = PBXGroup;
			children = (
				6A0105DC2A52ACEA00B51062 /* Info.plist */,
				6A0105C62A529FC200B51062 /* CoffeeOrderingAppApp.swift */,
				6A0105DF2A52AF4400B51062 /* Views */,
				6A0105E02A52AF4B00B51062 /* ViewModels */,
				6A0105D62A52A09E00B51062 /* Models */,
				6A0105DB2A52A3B100B51062 /* Services  */,
				6A0105CA2A529FC300B51062 /* Assets.xcassets */,
				6A0105CC2A529FC300B51062 /* Preview Content */,
			);
			path = CoffeeOrderingApp;
			sourceTree = "<group>";
		};
		6A0105CC2A529FC300B51062 /* Preview Content */ = {
			isa = PBXGroup;
			children = (
				6A0105CD2A529FC300B51062 /* Preview Assets.xcassets */,
			);
			path = "Preview Content";
			sourceTree = "<group>";
		};
		6A0105D62A52A09E00B51062 /* Models */ = {
			isa = PBXGroup;
			children = (
				6A0105D42A52A09B00B51062 /* Coffee.swift */,
				6A0105D72A52A24E00B51062 /* Order.swift */,
				6A0105E52A52BD9400B51062 /* CreateOrderResponse.swift */,
			);
			path = Models;
			sourceTree = "<group>";
		};
		6A0105DB2A52A3B100B51062 /* Services  */ = {
			isa = PBXGroup;
			children = (
				6A0105D92A52A3AC00B51062 /* WebService.swift */,
			);
			path = "Services ";
			sourceTree = "<group>";
		};
		6A0105DF2A52AF4400B51062 /* Views */ = {
			isa = PBXGroup;
			children = (
				6A0105ED2A54F40500B51062 /* AddCoffeeOrderView.swift */,
				6A0105C82A529FC200B51062 /* ContentView.swift */,
				6A0105E32A52AF7200B51062 /* OrderListView.swift */,
				6A0105EF2A55055200B51062 /* OrderTotalView.swift */,
			);
			path = Views;
			sourceTree = "<group>";
		};
		6A0105E02A52AF4B00B51062 /* ViewModels */ = {
			isa = PBXGroup;
			children = (
				6A0105E72A52C07B00B51062 /* AddCoffeeOrderViewModel.swift */,
				6A0105DD2A52ADC500B51062 /* OrderListViewModel.swift */,
				6A0105E12A52AF5C00B51062 /* OrderViewModel.swift */,
				6A0105E92A52C12E00B51062 /* CoffeeViewModel.swift */,
				6A0105EB2A52C19E00B51062 /* CoffeeListViewModel.swift */,
			);
			path = ViewModels;
			sourceTree = "<group>";
		};
/* End PBXGroup section */

/* Begin PBXNativeTarget section */
		6A0105C22A529FC200B51062 /* CoffeeOrderingApp */ = {
			isa = PBXNativeTarget;
			buildConfigurationList = 6A0105D12A529FC300B51062 /* Build configuration list for PBXNativeTarget "CoffeeOrderingApp" */;
			buildPhases = (
				6A0105BF2A529FC200B51062 /* Sources */,
				6A0105C02A529FC200B51062 /* Frameworks */,
				6A0105C12A529FC200B51062 /* Resources */,
			);
			buildRules = (
			);
			dependencies = (
			);
			name = CoffeeOrderingApp;
			productName = CoffeeOrderingApp;
			productReference = 6A0105C32A529FC200B51062 /* CoffeeOrderingApp.app */;
			productType = "com.apple.product-type.application";
		};
/* End PBXNativeTarget section */

/* Begin PBXProject section */
		6A0105BB2A529FC200B51062 /* Project object */ = {
			isa = PBXProject;
			attributes = {
				BuildIndependentTargetsInParallel = 1;
				LastSwiftUpdateCheck = 1420;
				LastUpgradeCheck = 1420;
				TargetAttributes = {
					6A0105C22A529FC200B51062 = {
						CreatedOnToolsVersion = 14.2;
					};
				};
			};
			buildConfigurationList = 6A0105BE2A529FC200B51062 /* Build configuration list for PBXProject "CoffeeOrderingApp" */;
			compatibilityVersion = "Xcode 14.0";
			developmentRegion = en;
			hasScannedForEncodings = 0;
			knownRegions = (
				en,
				Base,
			);
			mainGroup = 6A0105BA2A529FC200B51062;
			productRefGroup = 6A0105C42A529FC200B51062 /* Products */;
			projectDirPath = "";
			projectRoot = "";
			targets = (
				6A0105C22A529FC200B51062 /* CoffeeOrderingApp */,
			);
		};
/* End PBXProject section */

/* Begin PBXResourcesBuildPhase section */
		6A0105C12A529FC200B51062 /* Resources */ = {
			isa = PBXResourcesBuildPhase;
			buildActionMask = 2147483647;
			files = (
				6A0105CE2A529FC300B51062 /* Preview Assets.xcassets in Resources */,
				6A0105CB2A529FC300B51062 /* Assets.xcassets in Resources */,
			);
			runOnlyForDeploymentPostprocessing = 0;
		};
/* End PBXResourcesBuildPhase section */

/* Begin PBXSourcesBuildPhase section */
		6A0105BF2A529FC200B51062 /* Sources */ = {
			isa = PBXSourcesBuildPhase;
			buildActionMask = 2147483647;
			files = (
				6A0105C92A529FC200B51062 /* ContentView.swift in Sources */,
				6A0105E42A52AF7200B51062 /* OrderListView.swift in Sources */,
				6A0105E62A52BD9400B51062 /* CreateOrderResponse.swift in Sources */,
				6A0105C72A529FC200B51062 /* CoffeeOrderingAppApp.swift in Sources */,
				6A0105D82A52A24E00B51062 /* Order.swift in Sources */,
				6A0105EA2A52C12E00B51062 /* CoffeeViewModel.swift in Sources */,
				6A0105DE2A52ADC500B51062 /* OrderListViewModel.swift in Sources */,
				6A0105EE2A54F40500B51062 /* AddCoffeeOrderView.swift in Sources */,
				6A0105DA2A52A3AC00B51062 /* WebService.swift in Sources */,
				6A0105EC2A52C19E00B51062 /* CoffeeListViewModel.swift in Sources */,
				6A0105E22A52AF5C00B51062 /* OrderViewModel.swift in Sources */,
				6A0105D52A52A09B00B51062 /* Coffee.swift in Sources */,
				6A0105F02A55055200B51062 /* OrderTotalView.swift in Sources */,
				6A0105E82A52C07B00B51062 /* AddCoffeeOrderViewModel.swift in Sources */,
			);
			runOnlyForDeploymentPostprocessing = 0;
		};
/* End PBXSourcesBuildPhase section */

/* Begin XCBuildConfiguration section */
		6A0105CF2A529FC300B51062 /* Debug */ = {
			isa = XCBuildConfiguration;
			buildSettings = {
				ALWAYS_SEARCH_USER_PATHS = NO;
				CLANG_ANALYZER_NONNULL = YES;
				CLANG_ANALYZER_NUMBER_OBJECT_CONVERSION = YES_AGGRESSIVE;
				CLANG_CXX_LANGUAGE_STANDARD = "gnu++20";
				CLANG_ENABLE_MODULES = YES;
				CLANG_ENABLE_OBJC_ARC = YES;
				CLANG_ENABLE_OBJC_WEAK = YES;
				CLANG_WARN_BLOCK_CAPTURE_AUTORELEASING = YES;
				CLANG_WARN_BOOL_CONVERSION = YES;
				CLANG_WARN_COMMA = YES;
				CLANG_WARN_CONSTANT_CONVERSION = YES;
				CLANG_WARN_DEPRECATED_OBJC_IMPLEMENTATIONS = YES;
				CLANG_WARN_DIRECT_OBJC_ISA_USAGE = YES_ERROR;
				CLANG_WARN_DOCUMENTATION_COMMENTS = YES;
				CLANG_WARN_EMPTY_BODY = YES;
				CLANG_WARN_ENUM_CONVERSION = YES;
				CLANG_WARN_INFINITE_RECURSION = YES;
				CLANG_WARN_INT_CONVERSION = YES;
				CLANG_WARN_NON_LITERAL_NULL_CONVERSION = YES;
				CLANG_WARN_OBJC_IMPLICIT_RETAIN_SELF = YES;
				CLANG_WARN_OBJC_LITERAL_CONVERSION = YES;
				CLANG_WARN_OBJC_ROOT_CLASS = YES_ERROR;
				CLANG_WARN_QUOTED_INCLUDE_IN_FRAMEWORK_HEADER = YES;
				CLANG_WARN_RANGE_LOOP_ANALYSIS = YES;
				CLANG_WARN_STRICT_PROTOTYPES = YES;
				CLANG_WARN_SUSPICIOUS_MOVE = YES;
				CLANG_WARN_UNGUARDED_AVAILABILITY = YES_AGGRESSIVE;
				CLANG_WARN_UNREACHABLE_CODE = YES;
				CLANG_WARN__DUPLICATE_METHOD_MATCH = YES;
				COPY_PHASE_STRIP = NO;
				DEBUG_INFORMATION_FORMAT = dwarf;
				ENABLE_STRICT_OBJC_MSGSEND = YES;
				ENABLE_TESTABILITY = YES;
				GCC_C_LANGUAGE_STANDARD = gnu11;
				GCC_DYNAMIC_NO_PIC = NO;
				GCC_NO_COMMON_BLOCKS = YES;
				GCC_OPTIMIZATION_LEVEL = 0;
				GCC_PREPROCESSOR_DEFINITIONS = (
					"DEBUG=1",
					"$(inherited)",
				);
				GCC_WARN_64_TO_32_BIT_CONVERSION = YES;
				GCC_WARN_ABOUT_RETURN_TYPE = YES_ERROR;
				GCC_WARN_UNDECLARED_SELECTOR = YES;
				GCC_WARN_UNINITIALIZED_AUTOS = YES_AGGRESSIVE;
				GCC_WARN_UNUSED_FUNCTION = YES;
				GCC_WARN_UNUSED_VARIABLE = YES;
				IPHONEOS_DEPLOYMENT_TARGET = 16.2;
				MTL_ENABLE_DEBUG_INFO = INCLUDE_SOURCE;
				MTL_FAST_MATH = YES;
				ONLY_ACTIVE_ARCH = YES;
				SDKROOT = iphoneos;
				SWIFT_ACTIVE_COMPILATION_CONDITIONS = DEBUG;
				SWIFT_OPTIMIZATION_LEVEL = "-Onone";
			};
			name = Debug;
		};
		6A0105D02A529FC300B51062 /* Release */ = {
			isa = XCBuildConfiguration;
			buildSettings = {
				ALWAYS_SEARCH_USER_PATHS = NO;
				CLANG_ANALYZER_NONNULL = YES;
				CLANG_ANALYZER_NUMBER_OBJECT_CONVERSION = YES_AGGRESSIVE;
				CLANG_CXX_LANGUAGE_STANDARD = "gnu++20";
				CLANG_ENABLE_MODULES = YES;
				CLANG_ENABLE_OBJC_ARC = YES;
				CLANG_ENABLE_OBJC_WEAK = YES;
				CLANG_WARN_BLOCK_CAPTURE_AUTORELEASING = YES;
				CLANG_WARN_BOOL_CONVERSION = YES;
				CLANG_WARN_COMMA = YES;
				CLANG_WARN_CONSTANT_CONVERSION = YES;
				CLANG_WARN_DEPRECATED_OBJC_IMPLEMENTATIONS = YES;
				CLANG_WARN_DIRECT_OBJC_ISA_USAGE = YES_ERROR;
				CLANG_WARN_DOCUMENTATION_COMMENTS = YES;
				CLANG_WARN_EMPTY_BODY = YES;
				CLANG_WARN_ENUM_CONVERSION = YES;
				CLANG_WARN_INFINITE_RECURSION = YES;
				CLANG_WARN_INT_CONVERSION = YES;
				CLANG_WARN_NON_LITERAL_NULL_CONVERSION = YES;
				CLANG_WARN_OBJC_IMPLICIT_RETAIN_SELF = YES;
				CLANG_WARN_OBJC_LITERAL_CONVERSION = YES;
				CLANG_WARN_OBJC_ROOT_CLASS = YES_ERROR;
				CLANG_WARN_QUOTED_INCLUDE_IN_FRAMEWORK_HEADER = YES;
				CLANG_WARN_RANGE_LOOP_ANALYSIS = YES;
				CLANG_WARN_STRICT_PROTOTYPES = YES;
				CLANG_WARN_SUSPICIOUS_MOVE = YES;
				CLANG_WARN_UNGUARDED_AVAILABILITY = YES_AGGRESSIVE;
				CLANG_WARN_UNREACHABLE_CODE = YES;
				CLANG_WARN__DUPLICATE_METHOD_MATCH = YES;
				COPY_PHASE_STRIP = NO;
				DEBUG_INFORMATION_FORMAT = "dwarf-with-dsym";
				ENABLE_NS_ASSERTIONS = NO;
				ENABLE_STRICT_OBJC_MSGSEND = YES;
				GCC_C_LANGUAGE_STANDARD = gnu11;
				GCC_NO_COMMON_BLOCKS = YES;
				GCC_WARN_64_TO_32_BIT_CONVERSION = YES;
				GCC_WARN_ABOUT_RETURN_TYPE = YES_ERROR;
				GCC_WARN_UNDECLARED_SELECTOR = YES;
				GCC_WARN_UNINITIALIZED_AUTOS = YES_AGGRESSIVE;
				GCC_WARN_UNUSED_FUNCTION = YES;
				GCC_WARN_UNUSED_VARIABLE = YES;
				IPHONEOS_DEPLOYMENT_TARGET = 16.2;
				MTL_ENABLE_DEBUG_INFO = NO;
				MTL_FAST_MATH = YES;
				SDKROOT = iphoneos;
				SWIFT_COMPILATION_MODE = wholemodule;
				SWIFT_OPTIMIZATION_LEVEL = "-O";
				VALIDATE_PRODUCT = YES;
			};
			name = Release;
		};
		6A0105D22A529FC300B51062 /* Debug */ = {
			isa = XCBuildConfiguration;
			buildSettings = {
				ASSETCATALOG_COMPILER_APPICON_NAME = AppIcon;
				ASSETCATALOG_COMPILER_GLOBAL_ACCENT_COLOR_NAME = AccentColor;
				CODE_SIGN_STYLE = Automatic;
				CURRENT_PROJECT_VERSION = 1;
				DEVELOPMENT_ASSET_PATHS = "\"CoffeeOrderingApp/Preview Content\"";
				DEVELOPMENT_TEAM = 22FSMYBCGG;
				ENABLE_PREVIEWS = YES;
				GENERATE_INFOPLIST_FILE = YES;
				INFOPLIST_FILE = CoffeeOrderingApp/Info.plist;
				INFOPLIST_KEY_UIApplicationSceneManifest_Generation = YES;
				INFOPLIST_KEY_UIApplicationSupportsIndirectInputEvents = YES;
				INFOPLIST_KEY_UILaunchScreen_Generation = YES;
				INFOPLIST_KEY_UISupportedInterfaceOrientations_iPad = "UIInterfaceOrientationPortrait UIInterfaceOrientationPortraitUpsideDown UIInterfaceOrientationLandscapeLeft UIInterfaceOrientationLandscapeRight";
				INFOPLIST_KEY_UISupportedInterfaceOrientations_iPhone = "UIInterfaceOrientationPortrait UIInterfaceOrientationLandscapeLeft UIInterfaceOrientationLandscapeRight";
				LD_RUNPATH_SEARCH_PATHS = (
					"$(inherited)",
					"@executable_path/Frameworks",
				);
				MARKETING_VERSION = 1.0;
				PRODUCT_BUNDLE_IDENTIFIER = com.thoonk.CoffeeOrderingApp;
				PRODUCT_NAME = "$(TARGET_NAME)";
				SWIFT_EMIT_LOC_STRINGS = YES;
				SWIFT_VERSION = 5.0;
				TARGETED_DEVICE_FAMILY = "1,2";
			};
			name = Debug;
		};
		6A0105D32A529FC300B51062 /* Release */ = {
			isa = XCBuildConfiguration;
			buildSettings = {
				ASSETCATALOG_COMPILER_APPICON_NAME = AppIcon;
				ASSETCATALOG_COMPILER_GLOBAL_ACCENT_COLOR_NAME = AccentColor;
				CODE_SIGN_STYLE = Automatic;
				CURRENT_PROJECT_VERSION = 1;
				DEVELOPMENT_ASSET_PATHS = "\"CoffeeOrderingApp/Preview Content\"";
				DEVELOPMENT_TEAM = 22FSMYBCGG;
				ENABLE_PREVIEWS = YES;
				GENERATE_INFOPLIST_FILE = YES;
				INFOPLIST_FILE = CoffeeOrderingApp/Info.plist;
				INFOPLIST_KEY_UIApplicationSceneManifest_Generation = YES;
				INFOPLIST_KEY_UIApplicationSupportsIndirectInputEvents = YES;
				INFOPLIST_KEY_UILaunchScreen_Generation = YES;
				INFOPLIST_KEY_UISupportedInterfaceOrientations_iPad = "UIInterfaceOrientationPortrait UIInterfaceOrientationPortraitUpsideDown UIInterfaceOrientationLandscapeLeft UIInterfaceOrientationLandscapeRight";
				INFOPLIST_KEY_UISupportedInterfaceOrientations_iPhone = "UIInterfaceOrientationPortrait UIInterfaceOrientationLandscapeLeft UIInterfaceOrientationLandscapeRight";
				LD_RUNPATH_SEARCH_PATHS = (
					"$(inherited)",
					"@executable_path/Frameworks",
				);
				MARKETING_VERSION = 1.0;
				PRODUCT_BUNDLE_IDENTIFIER = com.thoonk.CoffeeOrderingApp;
				PRODUCT_NAME = "$(TARGET_NAME)";
				SWIFT_EMIT_LOC_STRINGS = YES;
				SWIFT_VERSION = 5.0;
				TARGETED_DEVICE_FAMILY = "1,2";
			};
			name = Release;
		};
/* End XCBuildConfiguration section */

/* Begin XCConfigurationList section */
		6A0105BE2A529FC200B51062 /* Build configuration list for PBXProject "CoffeeOrderingApp" */ = {
			isa = XCConfigurationList;
			buildConfigurations = (
				6A0105CF2A529FC300B51062 /* Debug */,
				6A0105D02A529FC300B51062 /* Release */,
			);
			defaultConfigurationIsVisible = 0;
			defaultConfigurationName = Release;
		};
		6A0105D12A529FC300B51062 /* Build configuration list for PBXNativeTarget "CoffeeOrderingApp" */ = {
			isa = XCConfigurationList;
			buildConfigurations = (
				6A0105D22A529FC300B51062 /* Debug */,
				6A0105D32A529FC300B51062 /* Release */,
			);
			defaultConfigurationIsVisible = 0;
			defaultConfigurationName = Release;
		};
/* End XCConfigurationList section */
	};
	rootObject = 6A0105BB2A529FC200B51062 /* Project object */;
}
