// !$*UTF8*$!
{
	archiveVersion = 1;
	classes = {
	};
	objectVersion = 56;
	objects = {

/* Begin PBXBuildFile section */
		6A5915AD29D2D7C90009DB74 /* SettingView.swift in Sources */ = {isa = PBXBuildFile; fileRef = 6A5915AC29D2D7C90009DB74 /* SettingView.swift */; };
		6A5915B029D565D00009DB74 /* HomeViewModel.swift in Sources */ = {isa = PBXBuildFile; fileRef = 6A5915AF29D565D00009DB74 /* HomeViewModel.swift */; };
		6A97383929CD69F60036A9CF /* StarCafeApp.swift in Sources */ = {isa = PBXBuildFile; fileRef = 6A97383829CD69F60036A9CF /* StarCafeApp.swift */; };
		6A97383B29CD69F60036A9CF /* MainTabView.swift in Sources */ = {isa = PBXBuildFile; fileRef = 6A97383A29CD69F60036A9CF /* MainTabView.swift */; };
		6A97383D29CD69F70036A9CF /* Assets.xcassets in Resources */ = {isa = PBXBuildFile; fileRef = 6A97383C29CD69F70036A9CF /* Assets.xcassets */; };
		6A97384029CD69F70036A9CF /* Preview Assets.xcassets in Resources */ = {isa = PBXBuildFile; fileRef = 6A97383F29CD69F70036A9CF /* Preview Assets.xcassets */; };
		6A97384729D2878A0036A9CF /* Tab.swift in Sources */ = {isa = PBXBuildFile; fileRef = 6A97384629D2878A0036A9CF /* Tab.swift */; };
		6A97384D29D2A5680036A9CF /* MenuSuggestSectionView.swift in Sources */ = {isa = PBXBuildFile; fileRef = 6A97384C29D2A5680036A9CF /* MenuSuggestSectionView.swift */; };
		6A97384F29D2A64F0036A9CF /* CoffeeMenu.swift in Sources */ = {isa = PBXBuildFile; fileRef = 6A97384E29D2A64F0036A9CF /* CoffeeMenu.swift */; };
		6A97385129D2A9EB0036A9CF /* EventSectionView.swift in Sources */ = {isa = PBXBuildFile; fileRef = 6A97385029D2A9EB0036A9CF /* EventSectionView.swift */; };
		6A97385329D2AA600036A9CF /* Event.swift in Sources */ = {isa = PBXBuildFile; fileRef = 6A97385229D2AA600036A9CF /* Event.swift */; };
		6A97385729D2AD500036A9CF /* HomeHeaderView.swift in Sources */ = {isa = PBXBuildFile; fileRef = 6A97385629D2AD500036A9CF /* HomeHeaderView.swift */; };
		6A97385929D2B4400036A9CF /* HomeView.swift in Sources */ = {isa = PBXBuildFile; fileRef = 6A97385829D2B4400036A9CF /* HomeView.swift */; };
		6A97385C29D2B8090036A9CF /* User.swift in Sources */ = {isa = PBXBuildFile; fileRef = 6A97385B29D2B8090036A9CF /* User.swift */; };
		6A97385E29D2C5950036A9CF /* OtherView.swift in Sources */ = {isa = PBXBuildFile; fileRef = 6A97385D29D2C5950036A9CF /* OtherView.swift */; };
		6A97386029D2C6EB0036A9CF /* SettingMenu.swift in Sources */ = {isa = PBXBuildFile; fileRef = 6A97385F29D2C6EB0036A9CF /* SettingMenu.swift */; };
/* End PBXBuildFile section */

/* Begin PBXFileReference section */
		6A5915AC29D2D7C90009DB74 /* SettingView.swift */ = {isa = PBXFileReference; lastKnownFileType = sourcecode.swift; path = SettingView.swift; sourceTree = "<group>"; };
		6A5915AF29D565D00009DB74 /* HomeViewModel.swift */ = {isa = PBXFileReference; lastKnownFileType = sourcecode.swift; path = HomeViewModel.swift; sourceTree = "<group>"; };
		6A97383529CD69F60036A9CF /* StarCafe.app */ = {isa = PBXFileReference; explicitFileType = wrapper.application; includeInIndex = 0; path = StarCafe.app; sourceTree = BUILT_PRODUCTS_DIR; };
		6A97383829CD69F60036A9CF /* StarCafeApp.swift */ = {isa = PBXFileReference; lastKnownFileType = sourcecode.swift; path = StarCafeApp.swift; sourceTree = "<group>"; };
		6A97383A29CD69F60036A9CF /* MainTabView.swift */ = {isa = PBXFileReference; lastKnownFileType = sourcecode.swift; path = MainTabView.swift; sourceTree = "<group>"; };
		6A97383C29CD69F70036A9CF /* Assets.xcassets */ = {isa = PBXFileReference; lastKnownFileType = folder.assetcatalog; path = Assets.xcassets; sourceTree = "<group>"; };
		6A97383F29CD69F70036A9CF /* Preview Assets.xcassets */ = {isa = PBXFileReference; lastKnownFileType = folder.assetcatalog; path = "Preview Assets.xcassets"; sourceTree = "<group>"; };
		6A97384629D2878A0036A9CF /* Tab.swift */ = {isa = PBXFileReference; lastKnownFileType = sourcecode.swift; path = Tab.swift; sourceTree = "<group>"; };
		6A97384C29D2A5680036A9CF /* MenuSuggestSectionView.swift */ = {isa = PBXFileReference; lastKnownFileType = sourcecode.swift; path = MenuSuggestSectionView.swift; sourceTree = "<group>"; };
		6A97384E29D2A64F0036A9CF /* CoffeeMenu.swift */ = {isa = PBXFileReference; lastKnownFileType = sourcecode.swift; path = CoffeeMenu.swift; sourceTree = "<group>"; };
		6A97385029D2A9EB0036A9CF /* EventSectionView.swift */ = {isa = PBXFileReference; lastKnownFileType = sourcecode.swift; path = EventSectionView.swift; sourceTree = "<group>"; };
		6A97385229D2AA600036A9CF /* Event.swift */ = {isa = PBXFileReference; lastKnownFileType = sourcecode.swift; path = Event.swift; sourceTree = "<group>"; };
		6A97385629D2AD500036A9CF /* HomeHeaderView.swift */ = {isa = PBXFileReference; lastKnownFileType = sourcecode.swift; path = HomeHeaderView.swift; sourceTree = "<group>"; };
		6A97385829D2B4400036A9CF /* HomeView.swift */ = {isa = PBXFileReference; lastKnownFileType = sourcecode.swift; path = HomeView.swift; sourceTree = "<group>"; };
		6A97385B29D2B8090036A9CF /* User.swift */ = {isa = PBXFileReference; lastKnownFileType = sourcecode.swift; path = User.swift; sourceTree = "<group>"; };
		6A97385D29D2C5950036A9CF /* OtherView.swift */ = {isa = PBXFileReference; lastKnownFileType = sourcecode.swift; path = OtherView.swift; sourceTree = "<group>"; };
		6A97385F29D2C6EB0036A9CF /* SettingMenu.swift */ = {isa = PBXFileReference; lastKnownFileType = sourcecode.swift; path = SettingMenu.swift; sourceTree = "<group>"; };
/* End PBXFileReference section */

/* Begin PBXFrameworksBuildPhase section */
		6A97383229CD69F60036A9CF /* Frameworks */ = {
			isa = PBXFrameworksBuildPhase;
			buildActionMask = 2147483647;
			files = (
			);
			runOnlyForDeploymentPostprocessing = 0;
		};
/* End PBXFrameworksBuildPhase section */

/* Begin PBXGroup section */
		6A5915AE29D2DA690009DB74 /* Other */ = {
			isa = PBXGroup;
			children = (
				6A97385D29D2C5950036A9CF /* OtherView.swift */,
				6A5915AC29D2D7C90009DB74 /* SettingView.swift */,
			);
			path = Other;
			sourceTree = "<group>";
		};
		6A97382C29CD69F60036A9CF = {
			isa = PBXGroup;
			children = (
				6A97383729CD69F60036A9CF /* StarCafe */,
				6A97383629CD69F60036A9CF /* Products */,
			);
			sourceTree = "<group>";
		};
		6A97383629CD69F60036A9CF /* Products */ = {
			isa = PBXGroup;
			children = (
				6A97383529CD69F60036A9CF /* StarCafe.app */,
			);
			name = Products;
			sourceTree = "<group>";
		};
		6A97383729CD69F60036A9CF /* StarCafe */ = {
			isa = PBXGroup;
			children = (
				6A97383829CD69F60036A9CF /* StarCafeApp.swift */,
				6A97384E29D2A64F0036A9CF /* CoffeeMenu.swift */,
				6A97385229D2AA600036A9CF /* Event.swift */,
				6A97385B29D2B8090036A9CF /* User.swift */,
				6A97385F29D2C6EB0036A9CF /* SettingMenu.swift */,
				6A97384929D2A53E0036A9CF /* Scenes */,
				6A97383C29CD69F70036A9CF /* Assets.xcassets */,
				6A97383E29CD69F70036A9CF /* Preview Content */,
			);
			path = StarCafe;
			sourceTree = "<group>";
		};
		6A97383E29CD69F70036A9CF /* Preview Content */ = {
			isa = PBXGroup;
			children = (
				6A97383F29CD69F70036A9CF /* Preview Assets.xcassets */,
			);
			path = "Preview Content";
			sourceTree = "<group>";
		};
		6A97384829D2A5370036A9CF /* Tap */ = {
			isa = PBXGroup;
			children = (
				6A97383A29CD69F60036A9CF /* MainTabView.swift */,
				6A97384629D2878A0036A9CF /* Tab.swift */,
			);
			path = Tap;
			sourceTree = "<group>";
		};
		6A97384929D2A53E0036A9CF /* Scenes */ = {
			isa = PBXGroup;
			children = (
				6A97384829D2A5370036A9CF /* Tap */,
				6A97385A29D2B4550036A9CF /* Home */,
				6A5915AE29D2DA690009DB74 /* Other */,
			);
			path = Scenes;
			sourceTree = "<group>";
		};
		6A97385A29D2B4550036A9CF /* Home */ = {
			isa = PBXGroup;
			children = (
				6A97385629D2AD500036A9CF /* HomeHeaderView.swift */,
				6A97385829D2B4400036A9CF /* HomeView.swift */,
				6A97384C29D2A5680036A9CF /* MenuSuggestSectionView.swift */,
				6A97385029D2A9EB0036A9CF /* EventSectionView.swift */,
				6A5915AF29D565D00009DB74 /* HomeViewModel.swift */,
			);
			path = Home;
			sourceTree = "<group>";
		};
/* End PBXGroup section */

/* Begin PBXNativeTarget section */
		6A97383429CD69F60036A9CF /* StarCafe */ = {
			isa = PBXNativeTarget;
			buildConfigurationList = 6A97384329CD69F70036A9CF /* Build configuration list for PBXNativeTarget "StarCafe" */;
			buildPhases = (
				6A97383129CD69F60036A9CF /* Sources */,
				6A97383229CD69F60036A9CF /* Frameworks */,
				6A97383329CD69F60036A9CF /* Resources */,
			);
			buildRules = (
			);
			dependencies = (
			);
			name = StarCafe;
			productName = StarCafe;
			productReference = 6A97383529CD69F60036A9CF /* StarCafe.app */;
			productType = "com.apple.product-type.application";
		};
/* End PBXNativeTarget section */

/* Begin PBXProject section */
		6A97382D29CD69F60036A9CF /* Project object */ = {
			isa = PBXProject;
			attributes = {
				BuildIndependentTargetsInParallel = 1;
				LastSwiftUpdateCheck = 1420;
				LastUpgradeCheck = 1420;
				TargetAttributes = {
					6A97383429CD69F60036A9CF = {
						CreatedOnToolsVersion = 14.2;
					};
				};
			};
			buildConfigurationList = 6A97383029CD69F60036A9CF /* Build configuration list for PBXProject "StarCafe" */;
			compatibilityVersion = "Xcode 14.0";
			developmentRegion = en;
			hasScannedForEncodings = 0;
			knownRegions = (
				en,
				Base,
			);
			mainGroup = 6A97382C29CD69F60036A9CF;
			productRefGroup = 6A97383629CD69F60036A9CF /* Products */;
			projectDirPath = "";
			projectRoot = "";
			targets = (
				6A97383429CD69F60036A9CF /* StarCafe */,
			);
		};
/* End PBXProject section */

/* Begin PBXResourcesBuildPhase section */
		6A97383329CD69F60036A9CF /* Resources */ = {
			isa = PBXResourcesBuildPhase;
			buildActionMask = 2147483647;
			files = (
				6A97384029CD69F70036A9CF /* Preview Assets.xcassets in Resources */,
				6A97383D29CD69F70036A9CF /* Assets.xcassets in Resources */,
			);
			runOnlyForDeploymentPostprocessing = 0;
		};
/* End PBXResourcesBuildPhase section */

/* Begin PBXSourcesBuildPhase section */
		6A97383129CD69F60036A9CF /* Sources */ = {
			isa = PBXSourcesBuildPhase;
			buildActionMask = 2147483647;
			files = (
				6A97385929D2B4400036A9CF /* HomeView.swift in Sources */,
				6A97384729D2878A0036A9CF /* Tab.swift in Sources */,
				6A97385129D2A9EB0036A9CF /* EventSectionView.swift in Sources */,
				6A97383B29CD69F60036A9CF /* MainTabView.swift in Sources */,
				6A97384F29D2A64F0036A9CF /* CoffeeMenu.swift in Sources */,
				6A97385E29D2C5950036A9CF /* OtherView.swift in Sources */,
				6A97384D29D2A5680036A9CF /* MenuSuggestSectionView.swift in Sources */,
				6A97385329D2AA600036A9CF /* Event.swift in Sources */,
				6A5915AD29D2D7C90009DB74 /* SettingView.swift in Sources */,
				6A5915B029D565D00009DB74 /* HomeViewModel.swift in Sources */,
				6A97383929CD69F60036A9CF /* StarCafeApp.swift in Sources */,
				6A97385C29D2B8090036A9CF /* User.swift in Sources */,
				6A97385729D2AD500036A9CF /* HomeHeaderView.swift in Sources */,
				6A97386029D2C6EB0036A9CF /* SettingMenu.swift in Sources */,
			);
			runOnlyForDeploymentPostprocessing = 0;
		};
/* End PBXSourcesBuildPhase section */

/* Begin XCBuildConfiguration section */
		6A97384129CD69F70036A9CF /* Debug */ = {
			isa = XCBuildConfiguration;
			buildSettings = {
				ALWAYS_SEARCH_USER_PATHS = NO;
				CLANG_ANALYZER_NONNULL = YES;
				CLANG_ANALYZER_NUMBER_OBJECT_CONVERSION = YES_AGGRESSIVE;
				CLANG_CXX_LANGUAGE_STANDARD = "gnu++20";
				CLANG_ENABLE_MODULES = YES;
				CLANG_ENABLE_OBJC_ARC = YES;
				CLANG_ENABLE_OBJC_WEAK = YES;
				CLANG_WARN_BLOCK_CAPTURE_AUTORELEASING = YES;
				CLANG_WARN_BOOL_CONVERSION = YES;
				CLANG_WARN_COMMA = YES;
				CLANG_WARN_CONSTANT_CONVERSION = YES;
				CLANG_WARN_DEPRECATED_OBJC_IMPLEMENTATIONS = YES;
				CLANG_WARN_DIRECT_OBJC_ISA_USAGE = YES_ERROR;
				CLANG_WARN_DOCUMENTATION_COMMENTS = YES;
				CLANG_WARN_EMPTY_BODY = YES;
				CLANG_WARN_ENUM_CONVERSION = YES;
				CLANG_WARN_INFINITE_RECURSION = YES;
				CLANG_WARN_INT_CONVERSION = YES;
				CLANG_WARN_NON_LITERAL_NULL_CONVERSION = YES;
				CLANG_WARN_OBJC_IMPLICIT_RETAIN_SELF = YES;
				CLANG_WARN_OBJC_LITERAL_CONVERSION = YES;
				CLANG_WARN_OBJC_ROOT_CLASS = YES_ERROR;
				CLANG_WARN_QUOTED_INCLUDE_IN_FRAMEWORK_HEADER = YES;
				CLANG_WARN_RANGE_LOOP_ANALYSIS = YES;
				CLANG_WARN_STRICT_PROTOTYPES = YES;
				CLANG_WARN_SUSPICIOUS_MOVE = YES;
				CLANG_WARN_UNGUARDED_AVAILABILITY = YES_AGGRESSIVE;
				CLANG_WARN_UNREACHABLE_CODE = YES;
				CLANG_WARN__DUPLICATE_METHOD_MATCH = YES;
				COPY_PHASE_STRIP = NO;
				DEBUG_INFORMATION_FORMAT = dwarf;
				ENABLE_STRICT_OBJC_MSGSEND = YES;
				ENABLE_TESTABILITY = YES;
				GCC_C_LANGUAGE_STANDARD = gnu11;
				GCC_DYNAMIC_NO_PIC = NO;
				GCC_NO_COMMON_BLOCKS = YES;
				GCC_OPTIMIZATION_LEVEL = 0;
				GCC_PREPROCESSOR_DEFINITIONS = (
					"DEBUG=1",
					"$(inherited)",
				);
				GCC_WARN_64_TO_32_BIT_CONVERSION = YES;
				GCC_WARN_ABOUT_RETURN_TYPE = YES_ERROR;
				GCC_WARN_UNDECLARED_SELECTOR = YES;
				GCC_WARN_UNINITIALIZED_AUTOS = YES_AGGRESSIVE;
				GCC_WARN_UNUSED_FUNCTION = YES;
				GCC_WARN_UNUSED_VARIABLE = YES;
				IPHONEOS_DEPLOYMENT_TARGET = 16.2;
				MTL_ENABLE_DEBUG_INFO = INCLUDE_SOURCE;
				MTL_FAST_MATH = YES;
				ONLY_ACTIVE_ARCH = YES;
				SDKROOT = iphoneos;
				SWIFT_ACTIVE_COMPILATION_CONDITIONS = DEBUG;
				SWIFT_OPTIMIZATION_LEVEL = "-Onone";
			};
			name = Debug;
		};
		6A97384229CD69F70036A9CF /* Release */ = {
			isa = XCBuildConfiguration;
			buildSettings = {
				ALWAYS_SEARCH_USER_PATHS = NO;
				CLANG_ANALYZER_NONNULL = YES;
				CLANG_ANALYZER_NUMBER_OBJECT_CONVERSION = YES_AGGRESSIVE;
				CLANG_CXX_LANGUAGE_STANDARD = "gnu++20";
				CLANG_ENABLE_MODULES = YES;
				CLANG_ENABLE_OBJC_ARC = YES;
				CLANG_ENABLE_OBJC_WEAK = YES;
				CLANG_WARN_BLOCK_CAPTURE_AUTORELEASING = YES;
				CLANG_WARN_BOOL_CONVERSION = YES;
				CLANG_WARN_COMMA = YES;
				CLANG_WARN_CONSTANT_CONVERSION = YES;
				CLANG_WARN_DEPRECATED_OBJC_IMPLEMENTATIONS = YES;
				CLANG_WARN_DIRECT_OBJC_ISA_USAGE = YES_ERROR;
				CLANG_WARN_DOCUMENTATION_COMMENTS = YES;
				CLANG_WARN_EMPTY_BODY = YES;
				CLANG_WARN_ENUM_CONVERSION = YES;
				CLANG_WARN_INFINITE_RECURSION = YES;
				CLANG_WARN_INT_CONVERSION = YES;
				CLANG_WARN_NON_LITERAL_NULL_CONVERSION = YES;
				CLANG_WARN_OBJC_IMPLICIT_RETAIN_SELF = YES;
				CLANG_WARN_OBJC_LITERAL_CONVERSION = YES;
				CLANG_WARN_OBJC_ROOT_CLASS = YES_ERROR;
				CLANG_WARN_QUOTED_INCLUDE_IN_FRAMEWORK_HEADER = YES;
				CLANG_WARN_RANGE_LOOP_ANALYSIS = YES;
				CLANG_WARN_STRICT_PROTOTYPES = YES;
				CLANG_WARN_SUSPICIOUS_MOVE = YES;
				CLANG_WARN_UNGUARDED_AVAILABILITY = YES_AGGRESSIVE;
				CLANG_WARN_UNREACHABLE_CODE = YES;
				CLANG_WARN__DUPLICATE_METHOD_MATCH = YES;
				COPY_PHASE_STRIP = NO;
				DEBUG_INFORMATION_FORMAT = "dwarf-with-dsym";
				ENABLE_NS_ASSERTIONS = NO;
				ENABLE_STRICT_OBJC_MSGSEND = YES;
				GCC_C_LANGUAGE_STANDARD = gnu11;
				GCC_NO_COMMON_BLOCKS = YES;
				GCC_WARN_64_TO_32_BIT_CONVERSION = YES;
				GCC_WARN_ABOUT_RETURN_TYPE = YES_ERROR;
				GCC_WARN_UNDECLARED_SELECTOR = YES;
				GCC_WARN_UNINITIALIZED_AUTOS = YES_AGGRESSIVE;
				GCC_WARN_UNUSED_FUNCTION = YES;
				GCC_WARN_UNUSED_VARIABLE = YES;
				IPHONEOS_DEPLOYMENT_TARGET = 16.2;
				MTL_ENABLE_DEBUG_INFO = NO;
				MTL_FAST_MATH = YES;
				SDKROOT = iphoneos;
				SWIFT_COMPILATION_MODE = wholemodule;
				SWIFT_OPTIMIZATION_LEVEL = "-O";
				VALIDATE_PRODUCT = YES;
			};
			name = Release;
		};
		6A97384429CD69F70036A9CF /* Debug */ = {
			isa = XCBuildConfiguration;
			buildSettings = {
				ASSETCATALOG_COMPILER_APPICON_NAME = AppIcon;
				ASSETCATALOG_COMPILER_GLOBAL_ACCENT_COLOR_NAME = AccentColor;
				CODE_SIGN_STYLE = Automatic;
				CURRENT_PROJECT_VERSION = 1;
				DEVELOPMENT_ASSET_PATHS = "\"StarCafe/Preview Content\"";
				DEVELOPMENT_TEAM = U9AFN5UKD7;
				ENABLE_PREVIEWS = YES;
				GENERATE_INFOPLIST_FILE = YES;
				INFOPLIST_KEY_UIApplicationSceneManifest_Generation = YES;
				INFOPLIST_KEY_UIApplicationSupportsIndirectInputEvents = YES;
				INFOPLIST_KEY_UILaunchScreen_Generation = YES;
				INFOPLIST_KEY_UISupportedInterfaceOrientations_iPad = "UIInterfaceOrientationPortrait UIInterfaceOrientationPortraitUpsideDown UIInterfaceOrientationLandscapeLeft UIInterfaceOrientationLandscapeRight";
				INFOPLIST_KEY_UISupportedInterfaceOrientations_iPhone = "UIInterfaceOrientationPortrait UIInterfaceOrientationLandscapeLeft UIInterfaceOrientationLandscapeRight";
				LD_RUNPATH_SEARCH_PATHS = (
					"$(inherited)",
					"@executable_path/Frameworks",
				);
				MARKETING_VERSION = 1.0;
				PRODUCT_BUNDLE_IDENTIFIER = com.thoonk.StarCafe;
				PRODUCT_NAME = "$(TARGET_NAME)";
				SWIFT_EMIT_LOC_STRINGS = YES;
				SWIFT_VERSION = 5.0;
				TARGETED_DEVICE_FAMILY = "1,2";
			};
			name = Debug;
		};
		6A97384529CD69F70036A9CF /* Release */ = {
			isa = XCBuildConfiguration;
			buildSettings = {
				ASSETCATALOG_COMPILER_APPICON_NAME = AppIcon;
				ASSETCATALOG_COMPILER_GLOBAL_ACCENT_COLOR_NAME = AccentColor;
				CODE_SIGN_STYLE = Automatic;
				CURRENT_PROJECT_VERSION = 1;
				DEVELOPMENT_ASSET_PATHS = "\"StarCafe/Preview Content\"";
				DEVELOPMENT_TEAM = U9AFN5UKD7;
				ENABLE_PREVIEWS = YES;
				GENERATE_INFOPLIST_FILE = YES;
				INFOPLIST_KEY_UIApplicationSceneManifest_Generation = YES;
				INFOPLIST_KEY_UIApplicationSupportsIndirectInputEvents = YES;
				INFOPLIST_KEY_UILaunchScreen_Generation = YES;
				INFOPLIST_KEY_UISupportedInterfaceOrientations_iPad = "UIInterfaceOrientationPortrait UIInterfaceOrientationPortraitUpsideDown UIInterfaceOrientationLandscapeLeft UIInterfaceOrientationLandscapeRight";
				INFOPLIST_KEY_UISupportedInterfaceOrientations_iPhone = "UIInterfaceOrientationPortrait UIInterfaceOrientationLandscapeLeft UIInterfaceOrientationLandscapeRight";
				LD_RUNPATH_SEARCH_PATHS = (
					"$(inherited)",
					"@executable_path/Frameworks",
				);
				MARKETING_VERSION = 1.0;
				PRODUCT_BUNDLE_IDENTIFIER = com.thoonk.StarCafe;
				PRODUCT_NAME = "$(TARGET_NAME)";
				SWIFT_EMIT_LOC_STRINGS = YES;
				SWIFT_VERSION = 5.0;
				TARGETED_DEVICE_FAMILY = "1,2";
			};
			name = Release;
		};
/* End XCBuildConfiguration section */

/* Begin XCConfigurationList section */
		6A97383029CD69F60036A9CF /* Build configuration list for PBXProject "StarCafe" */ = {
			isa = XCConfigurationList;
			buildConfigurations = (
				6A97384129CD69F70036A9CF /* Debug */,
				6A97384229CD69F70036A9CF /* Release */,
			);
			defaultConfigurationIsVisible = 0;
			defaultConfigurationName = Release;
		};
		6A97384329CD69F70036A9CF /* Build configuration list for PBXNativeTarget "StarCafe" */ = {
			isa = XCConfigurationList;
			buildConfigurations = (
				6A97384429CD69F70036A9CF /* Debug */,
				6A97384529CD69F70036A9CF /* Release */,
			);
			defaultConfigurationIsVisible = 0;
			defaultConfigurationName = Release;
		};
/* End XCConfigurationList section */
	};
	rootObject = 6A97382D29CD69F60036A9CF /* Project object */;
}
